
Microsoft Visual Studio Solution File, Format Version 12.00
# Visual Studio Version 17
VisualStudioVersion = 17.5.33530.505
MinimumVisualStudioVersion = 10.0.40219.1
Project("{FAE04EC0-301F-11D3-BF4B-00C04F79EFBC}") = "BubbleSort", "BubbleSort\BubbleSort.csproj", "{F1319587-768A-4D9C-AEDC-0C7FF13ECF4B}"
EndProject
Project("{9A19103F-16F7-4668-BE54-9A1E7A4F7556}") = "BreadthFirstSearch_BFS", "DepthFirstSearch_DFS\BreadthFirstSearch_BFS.csproj", "{767FB08F-3E59-482D-A581-81452CA1DFE4}"
EndProject
Project("{9A19103F-16F7-4668-BE54-9A1E7A4F7556}") = "DepthFirstSearch_Recursion_DFS", "DepthFirstSearch_Recursive_DFS\DepthFirstSearch_Recursion_DFS.csproj", "{1A3B2F1C-35A1-495C-91E0-7D0ADC485BE9}"
EndProject
Project("{9A19103F-16F7-4668-BE54-9A1E7A4F7556}") = "Queue", "Queue\Queue.csproj", "{F092179C-FDA1-4EB3-B03B-4DFCAA7A0325}"
EndProject
Project("{9A19103F-16F7-4668-BE54-9A1E7A4F7556}") = "Stack", "Stack\Stack.csproj", "{96DB06DE-8BA1-4D2F-88B2-96C02E076C99}"
EndProject
Project("{9A19103F-16F7-4668-BE54-9A1E7A4F7556}") = "SelectionSort", "SelectionSort\SelectionSort.csproj", "{A6D3F4B7-DAAB-49F0-8C25-AAA48B5A1C6A}"
EndProject
Project("{FAE04EC0-301F-11D3-BF4B-00C04F79EFBC}") = "HeapSort", "HeapSort\HeapSort.csproj", "{AA51CB51-F48C-4B38-BF49-85CFF44BAFC9}"
EndProject
Project("{FAE04EC0-301F-11D3-BF4B-00C04F79EFBC}") = "InsertionSort", "InsertionSort\InsertionSort.csproj", "{691ED8B3-742B-4C89-9AF0-1401C898B21F}"
EndProject
Project("{FAE04EC0-301F-11D3-BF4B-00C04F79EFBC}") = "QuickSort", "QuickSort\QuickSort.csproj", "{DD91D8D5-B21A-4621-9668-24186BE24D12}"
EndProject
Project("{2150E333-8FDC-42A3-9474-1A3956D46DE8}") = "Sort", "Sort", "{878CCDCB-D44F-410C-8071-D6039D5F300A}"
EndProject
Project("{2150E333-8FDC-42A3-9474-1A3956D46DE8}") = "Graph", "Graph", "{0014B322-3228-4820-881D-01F5B50B784B}"
EndProject
Project("{FAE04EC0-301F-11D3-BF4B-00C04F79EFBC}") = "BinarySearch", "BinarySearchRecursive\BinarySearch.csproj", "{3C114C53-3884-485E-B74F-83F18E461443}"
EndProject
Project("{9A19103F-16F7-4668-BE54-9A1E7A4F7556}") = "BinarySearchTree", "BinarySearchTree\BinarySearchTree.csproj", "{2A6DC959-B26C-48B2-A90F-50871DDEDDDC}"
EndProject
Project("{2150E333-8FDC-42A3-9474-1A3956D46DE8}") = "Tree", "Tree", "{BB4A4985-9AE7-46D5-873D-423FC7BA4396}"
EndProject
Project("{9A19103F-16F7-4668-BE54-9A1E7A4F7556}") = "ArrayList", "ArrayList\ArrayList.csproj", "{40FF85A4-BE8F-47EE-8848-7C21D1E66DBE}"
EndProject
Project("{9A19103F-16F7-4668-BE54-9A1E7A4F7556}") = "HashTable", "HashTable\HashTable.csproj", "{3BF51207-0190-4A2D-8D6B-AD1D9723E95B}"
EndProject
Project("{9A19103F-16F7-4668-BE54-9A1E7A4F7556}") = "LinkedList", "LinkedList\LinkedList.csproj", "{416EC796-8BB2-493A-9306-B11911726DBB}"
EndProject
Global
	GlobalSection(SolutionConfigurationPlatforms) = preSolution
		Debug|Any CPU = Debug|Any CPU
		Release|Any CPU = Release|Any CPU
	EndGlobalSection
	GlobalSection(ProjectConfigurationPlatforms) = postSolution
		{F1319587-768A-4D9C-AEDC-0C7FF13ECF4B}.Debug|Any CPU.ActiveCfg = Debug|Any CPU
		{F1319587-768A-4D9C-AEDC-0C7FF13ECF4B}.Debug|Any CPU.Build.0 = Debug|Any CPU
		{F1319587-768A-4D9C-AEDC-0C7FF13ECF4B}.Release|Any CPU.ActiveCfg = Release|Any CPU
		{F1319587-768A-4D9C-AEDC-0C7FF13ECF4B}.Release|Any CPU.Build.0 = Release|Any CPU
		{767FB08F-3E59-482D-A581-81452CA1DFE4}.Debug|Any CPU.ActiveCfg = Debug|Any CPU
		{767FB08F-3E59-482D-A581-81452CA1DFE4}.Debug|Any CPU.Build.0 = Debug|Any CPU
		{767FB08F-3E59-482D-A581-81452CA1DFE4}.Release|Any CPU.ActiveCfg = Release|Any CPU
		{767FB08F-3E59-482D-A581-81452CA1DFE4}.Release|Any CPU.Build.0 = Release|Any CPU
		{1A3B2F1C-35A1-495C-91E0-7D0ADC485BE9}.Debug|Any CPU.ActiveCfg = Debug|Any CPU
		{1A3B2F1C-35A1-495C-91E0-7D0ADC485BE9}.Debug|Any CPU.Build.0 = Debug|Any CPU
		{1A3B2F1C-35A1-495C-91E0-7D0ADC485BE9}.Release|Any CPU.ActiveCfg = Release|Any CPU
		{1A3B2F1C-35A1-495C-91E0-7D0ADC485BE9}.Release|Any CPU.Build.0 = Release|Any CPU
		{F092179C-FDA1-4EB3-B03B-4DFCAA7A0325}.Debug|Any CPU.ActiveCfg = Debug|Any CPU
		{F092179C-FDA1-4EB3-B03B-4DFCAA7A0325}.Debug|Any CPU.Build.0 = Debug|Any CPU
		{F092179C-FDA1-4EB3-B03B-4DFCAA7A0325}.Release|Any CPU.ActiveCfg = Release|Any CPU
		{F092179C-FDA1-4EB3-B03B-4DFCAA7A0325}.Release|Any CPU.Build.0 = Release|Any CPU
		{96DB06DE-8BA1-4D2F-88B2-96C02E076C99}.Debug|Any CPU.ActiveCfg = Debug|Any CPU
		{96DB06DE-8BA1-4D2F-88B2-96C02E076C99}.Debug|Any CPU.Build.0 = Debug|Any CPU
		{96DB06DE-8BA1-4D2F-88B2-96C02E076C99}.Release|Any CPU.ActiveCfg = Release|Any CPU
		{96DB06DE-8BA1-4D2F-88B2-96C02E076C99}.Release|Any CPU.Build.0 = Release|Any CPU
		{A6D3F4B7-DAAB-49F0-8C25-AAA48B5A1C6A}.Debug|Any CPU.ActiveCfg = Debug|Any CPU
		{A6D3F4B7-DAAB-49F0-8C25-AAA48B5A1C6A}.Debug|Any CPU.Build.0 = Debug|Any CPU
		{A6D3F4B7-DAAB-49F0-8C25-AAA48B5A1C6A}.Release|Any CPU.ActiveCfg = Release|Any CPU
		{A6D3F4B7-DAAB-49F0-8C25-AAA48B5A1C6A}.Release|Any CPU.Build.0 = Release|Any CPU
		{AA51CB51-F48C-4B38-BF49-85CFF44BAFC9}.Debug|Any CPU.ActiveCfg = Debug|Any CPU
		{AA51CB51-F48C-4B38-BF49-85CFF44BAFC9}.Debug|Any CPU.Build.0 = Debug|Any CPU
		{AA51CB51-F48C-4B38-BF49-85CFF44BAFC9}.Release|Any CPU.ActiveCfg = Release|Any CPU
		{AA51CB51-F48C-4B38-BF49-85CFF44BAFC9}.Release|Any CPU.Build.0 = Release|Any CPU
		{691ED8B3-742B-4C89-9AF0-1401C898B21F}.Debug|Any CPU.ActiveCfg = Debug|Any CPU
		{691ED8B3-742B-4C89-9AF0-1401C898B21F}.Debug|Any CPU.Build.0 = Debug|Any CPU
		{691ED8B3-742B-4C89-9AF0-1401C898B21F}.Release|Any CPU.ActiveCfg = Release|Any CPU
		{691ED8B3-742B-4C89-9AF0-1401C898B21F}.Release|Any CPU.Build.0 = Release|Any CPU
		{DD91D8D5-B21A-4621-9668-24186BE24D12}.Debug|Any CPU.ActiveCfg = Debug|Any CPU
		{DD91D8D5-B21A-4621-9668-24186BE24D12}.Debug|Any CPU.Build.0 = Debug|Any CPU
		{DD91D8D5-B21A-4621-9668-24186BE24D12}.Release|Any CPU.ActiveCfg = Release|Any CPU
		{DD91D8D5-B21A-4621-9668-24186BE24D12}.Release|Any CPU.Build.0 = Release|Any CPU
		{3C114C53-3884-485E-B74F-83F18E461443}.Debug|Any CPU.ActiveCfg = Debug|Any CPU
		{3C114C53-3884-485E-B74F-83F18E461443}.Debug|Any CPU.Build.0 = Debug|Any CPU
		{3C114C53-3884-485E-B74F-83F18E461443}.Release|Any CPU.ActiveCfg = Release|Any CPU
		{3C114C53-3884-485E-B74F-83F18E461443}.Release|Any CPU.Build.0 = Release|Any CPU
		{2A6DC959-B26C-48B2-A90F-50871DDEDDDC}.Debug|Any CPU.ActiveCfg = Debug|Any CPU
		{2A6DC959-B26C-48B2-A90F-50871DDEDDDC}.Debug|Any CPU.Build.0 = Debug|Any CPU
		{2A6DC959-B26C-48B2-A90F-50871DDEDDDC}.Release|Any CPU.ActiveCfg = Release|Any CPU
		{2A6DC959-B26C-48B2-A90F-50871DDEDDDC}.Release|Any CPU.Build.0 = Release|Any CPU
		{40FF85A4-BE8F-47EE-8848-7C21D1E66DBE}.Debug|Any CPU.ActiveCfg = Debug|Any CPU
		{40FF85A4-BE8F-47EE-8848-7C21D1E66DBE}.Debug|Any CPU.Build.0 = Debug|Any CPU
		{40FF85A4-BE8F-47EE-8848-7C21D1E66DBE}.Release|Any CPU.ActiveCfg = Release|Any CPU
		{40FF85A4-BE8F-47EE-8848-7C21D1E66DBE}.Release|Any CPU.Build.0 = Release|Any CPU
		{3BF51207-0190-4A2D-8D6B-AD1D9723E95B}.Debug|Any CPU.ActiveCfg = Debug|Any CPU
		{3BF51207-0190-4A2D-8D6B-AD1D9723E95B}.Debug|Any CPU.Build.0 = Debug|Any CPU
		{3BF51207-0190-4A2D-8D6B-AD1D9723E95B}.Release|Any CPU.ActiveCfg = Release|Any CPU
		{3BF51207-0190-4A2D-8D6B-AD1D9723E95B}.Release|Any CPU.Build.0 = Release|Any CPU
		{416EC796-8BB2-493A-9306-B11911726DBB}.Debug|Any CPU.ActiveCfg = Debug|Any CPU
		{416EC796-8BB2-493A-9306-B11911726DBB}.Debug|Any CPU.Build.0 = Debug|Any CPU
		{416EC796-8BB2-493A-9306-B11911726DBB}.Release|Any CPU.ActiveCfg = Release|Any CPU
		{416EC796-8BB2-493A-9306-B11911726DBB}.Release|Any CPU.Build.0 = Release|Any CPU
	EndGlobalSection
	GlobalSection(SolutionProperties) = preSolution
		HideSolutionNode = FALSE
	EndGlobalSection
	GlobalSection(NestedProjects) = preSolution
		{F1319587-768A-4D9C-AEDC-0C7FF13ECF4B} = {878CCDCB-D44F-410C-8071-D6039D5F300A}
		{767FB08F-3E59-482D-A581-81452CA1DFE4} = {0014B322-3228-4820-881D-01F5B50B784B}
		{1A3B2F1C-35A1-495C-91E0-7D0ADC485BE9} = {0014B322-3228-4820-881D-01F5B50B784B}
		{A6D3F4B7-DAAB-49F0-8C25-AAA48B5A1C6A} = {878CCDCB-D44F-410C-8071-D6039D5F300A}
		{AA51CB51-F48C-4B38-BF49-85CFF44BAFC9} = {878CCDCB-D44F-410C-8071-D6039D5F300A}
		{691ED8B3-742B-4C89-9AF0-1401C898B21F} = {878CCDCB-D44F-410C-8071-D6039D5F300A}
		{DD91D8D5-B21A-4621-9668-24186BE24D12} = {878CCDCB-D44F-410C-8071-D6039D5F300A}
		{2A6DC959-B26C-48B2-A90F-50871DDEDDDC} = {BB4A4985-9AE7-46D5-873D-423FC7BA4396}
	EndGlobalSection
	GlobalSection(ExtensibilityGlobals) = postSolution
		SolutionGuid = {21D6BFF4-03B6-40A6-AFDE-F33980C377EE}
	EndGlobalSection
EndGlobal
