
Microsoft Visual Studio Solution File, Format Version 12.00
# Visual Studio Version 16
VisualStudioVersion = 16.0.31613.86
MinimumVisualStudioVersion = 10.0.40219.1
Project("{FAE04EC0-301F-11D3-BF4B-00C04F79EFBC}") = "BubbleSort", "BubbleSort.csproj", "{F1319587-768A-4D9C-AEDC-0C7FF13ECF4B}"
EndProject
Global
	GlobalSection(SolutionConfigurationPlatforms) = preSolution
		Debug|Any CPU = Debug|Any CPU
		Release|Any CPU = Release|Any CPU
	EndGlobalSection
	GlobalSection(ProjectConfigurationPlatforms) = postSolution
		{F1319587-768A-4D9C-AEDC-0C7FF13ECF4B}.Debug|Any CPU.ActiveCfg = Debug|Any CPU
		{F1319587-768A-4D9C-AEDC-0C7FF13ECF4B}.Debug|Any CPU.Build.0 = Debug|Any CPU
		{F1319587-768A-4D9C-AEDC-0C7FF13ECF4B}.Release|Any CPU.ActiveCfg = Release|Any CPU
		{F1319587-768A-4D9C-AEDC-0C7FF13ECF4B}.Release|Any CPU.Build.0 = Release|Any CPU
	EndGlobalSection
	GlobalSection(SolutionProperties) = preSolution
		HideSolutionNode = FALSE
	EndGlobalSection
	GlobalSection(ExtensibilityGlobals) = postSolution
		SolutionGuid = {9B1814B0-921B-418A-8BFC-89676E3B8546}
	EndGlobalSection
EndGlobal
