
Microsoft Visual Studio Solution File, Format Version 12.00
# Visual Studio Version 17
VisualStudioVersion = 17.0.32014.148
MinimumVisualStudioVersion = 10.0.40219.1
Project("{FAE04EC0-301F-11D3-BF4B-00C04F79EFBC}") = "SelectionSort", "SelectionSort.csproj", "{4E25A6AA-B2ED-44A6-BAD9-DDA5A2A3D244}"
EndProject
Global
	GlobalSection(SolutionConfigurationPlatforms) = preSolution
		Debug|Any CPU = Debug|Any CPU
		Release|Any CPU = Release|Any CPU
	EndGlobalSection
	GlobalSection(ProjectConfigurationPlatforms) = postSolution
		{4E25A6AA-B2ED-44A6-BAD9-DDA5A2A3D244}.Debug|Any CPU.ActiveCfg = Debug|Any CPU
		{4E25A6AA-B2ED-44A6-BAD9-DDA5A2A3D244}.Debug|Any CPU.Build.0 = Debug|Any CPU
		{4E25A6AA-B2ED-44A6-BAD9-DDA5A2A3D244}.Release|Any CPU.ActiveCfg = Release|Any CPU
		{4E25A6AA-B2ED-44A6-BAD9-DDA5A2A3D244}.Release|Any CPU.Build.0 = Release|Any CPU
	EndGlobalSection
	GlobalSection(SolutionProperties) = preSolution
		HideSolutionNode = FALSE
	EndGlobalSection
	GlobalSection(ExtensibilityGlobals) = postSolution
		SolutionGuid = {8C7C4459-D26F-4F6F-8087-C5F7F82C8D89}
	EndGlobalSection
EndGlobal
